// !$*UTF8*$!
{
	archiveVersion = 1;
	classes = {
	};
	objectVersion = 55;
	objects = {

/* Begin PBXBuildFile section */
		4187A11627B035DC00E2A958 /* AppDelegate.swift in Sources */ = {isa = PBXBuildFile; fileRef = 4187A11527B035DC00E2A958 /* AppDelegate.swift */; };
		4187A11827B035DC00E2A958 /* SceneDelegate.swift in Sources */ = {isa = PBXBuildFile; fileRef = 4187A11727B035DC00E2A958 /* SceneDelegate.swift */; };
		4187A11D27B035DD00E2A958 /* Main.storyboard in Resources */ = {isa = PBXBuildFile; fileRef = 4187A11B27B035DC00E2A958 /* Main.storyboard */; };
		4187A11F27B035E700E2A958 /* Assets.xcassets in Resources */ = {isa = PBXBuildFile; fileRef = 4187A11E27B035E700E2A958 /* Assets.xcassets */; };
		4187A12227B035E700E2A958 /* LaunchScreen.storyboard in Resources */ = {isa = PBXBuildFile; fileRef = 4187A12027B035E700E2A958 /* LaunchScreen.storyboard */; };
		4187A12D27B035E900E2A958 /* CodingChallengeTests.swift in Sources */ = {isa = PBXBuildFile; fileRef = 4187A12C27B035E900E2A958 /* CodingChallengeTests.swift */; };
		4187A13727B035E900E2A958 /* CodingChallengeUITests.swift in Sources */ = {isa = PBXBuildFile; fileRef = 4187A13627B035E900E2A958 /* CodingChallengeUITests.swift */; };
		4187A13927B035E900E2A958 /* CodingChallengeUITestsLaunchTests.swift in Sources */ = {isa = PBXBuildFile; fileRef = 4187A13827B035E900E2A958 /* CodingChallengeUITestsLaunchTests.swift */; };
		4187A15127B0364C00E2A958 /* AcronymsViewModel.swift in Sources */ = {isa = PBXBuildFile; fileRef = 4187A14627B0364B00E2A958 /* AcronymsViewModel.swift */; };
		4187A15227B0364C00E2A958 /* AcronymsDataSource.swift in Sources */ = {isa = PBXBuildFile; fileRef = 4187A14727B0364B00E2A958 /* AcronymsDataSource.swift */; };
		4187A15327B0364C00E2A958 /* Acronym.swift in Sources */ = {isa = PBXBuildFile; fileRef = 4187A14927B0364B00E2A958 /* Acronym.swift */; };
		4187A15427B0364C00E2A958 /* DynamicValue.swift in Sources */ = {isa = PBXBuildFile; fileRef = 4187A14A27B0364B00E2A958 /* DynamicValue.swift */; };
		4187A15527B0364C00E2A958 /* ViewController.swift in Sources */ = {isa = PBXBuildFile; fileRef = 4187A14C27B0364C00E2A958 /* ViewController.swift */; };
		4187A15627B0364C00E2A958 /* AcronymCell.swift in Sources */ = {isa = PBXBuildFile; fileRef = 4187A14D27B0364C00E2A958 /* AcronymCell.swift */; };
		4187A15727B0364C00E2A958 /* NetworkManager.swift in Sources */ = {isa = PBXBuildFile; fileRef = 4187A14F27B0364C00E2A958 /* NetworkManager.swift */; };
/* End PBXBuildFile section */

/* Begin PBXContainerItemProxy section */
		4187A12927B035E900E2A958 /* PBXContainerItemProxy */ = {
			isa = PBXContainerItemProxy;
			containerPortal = 4187A10A27B035DC00E2A958 /* Project object */;
			proxyType = 1;
			remoteGlobalIDString = 4187A11127B035DC00E2A958;
			remoteInfo = CodingChallenge;
		};
		4187A13327B035E900E2A958 /* PBXContainerItemProxy */ = {
			isa = PBXContainerItemProxy;
			containerPortal = 4187A10A27B035DC00E2A958 /* Project object */;
			proxyType = 1;
			remoteGlobalIDString = 4187A11127B035DC00E2A958;
			remoteInfo = CodingChallenge;
		};
/* End PBXContainerItemProxy section */

/* Begin PBXFileReference section */
		4187A11227B035DC00E2A958 /* CodingChallenge.app */ = {isa = PBXFileReference; explicitFileType = wrapper.application; includeInIndex = 0; path = CodingChallenge.app; sourceTree = BUILT_PRODUCTS_DIR; };
		4187A11527B035DC00E2A958 /* AppDelegate.swift */ = {isa = PBXFileReference; lastKnownFileType = sourcecode.swift; path = AppDelegate.swift; sourceTree = "<group>"; };
		4187A11727B035DC00E2A958 /* SceneDelegate.swift */ = {isa = PBXFileReference; lastKnownFileType = sourcecode.swift; path = SceneDelegate.swift; sourceTree = "<group>"; };
		4187A11C27B035DD00E2A958 /* Base */ = {isa = PBXFileReference; lastKnownFileType = file.storyboard; name = Base; path = Base.lproj/Main.storyboard; sourceTree = "<group>"; };
		4187A11E27B035E700E2A958 /* Assets.xcassets */ = {isa = PBXFileReference; lastKnownFileType = folder.assetcatalog; path = Assets.xcassets; sourceTree = "<group>"; };
		4187A12127B035E700E2A958 /* Base */ = {isa = PBXFileReference; lastKnownFileType = file.storyboard; name = Base; path = Base.lproj/LaunchScreen.storyboard; sourceTree = "<group>"; };
		4187A12327B035E700E2A958 /* Info.plist */ = {isa = PBXFileReference; lastKnownFileType = text.plist.xml; path = Info.plist; sourceTree = "<group>"; };
		4187A12827B035E900E2A958 /* CodingChallengeTests.xctest */ = {isa = PBXFileReference; explicitFileType = wrapper.cfbundle; includeInIndex = 0; path = CodingChallengeTests.xctest; sourceTree = BUILT_PRODUCTS_DIR; };
		4187A12C27B035E900E2A958 /* CodingChallengeTests.swift */ = {isa = PBXFileReference; lastKnownFileType = sourcecode.swift; path = CodingChallengeTests.swift; sourceTree = "<group>"; };
		4187A13227B035E900E2A958 /* CodingChallengeUITests.xctest */ = {isa = PBXFileReference; explicitFileType = wrapper.cfbundle; includeInIndex = 0; path = CodingChallengeUITests.xctest; sourceTree = BUILT_PRODUCTS_DIR; };
		4187A13627B035E900E2A958 /* CodingChallengeUITests.swift */ = {isa = PBXFileReference; lastKnownFileType = sourcecode.swift; path = CodingChallengeUITests.swift; sourceTree = "<group>"; };
		4187A13827B035E900E2A958 /* CodingChallengeUITestsLaunchTests.swift */ = {isa = PBXFileReference; lastKnownFileType = sourcecode.swift; path = CodingChallengeUITestsLaunchTests.swift; sourceTree = "<group>"; };
		4187A14627B0364B00E2A958 /* AcronymsViewModel.swift */ = {isa = PBXFileReference; fileEncoding = 4; lastKnownFileType = sourcecode.swift; path = AcronymsViewModel.swift; sourceTree = "<group>"; };
		4187A14727B0364B00E2A958 /* AcronymsDataSource.swift */ = {isa = PBXFileReference; fileEncoding = 4; lastKnownFileType = sourcecode.swift; path = AcronymsDataSource.swift; sourceTree = "<group>"; };
		4187A14927B0364B00E2A958 /* Acronym.swift */ = {isa = PBXFileReference; fileEncoding = 4; lastKnownFileType = sourcecode.swift; path = Acronym.swift; sourceTree = "<group>"; };
		4187A14A27B0364B00E2A958 /* DynamicValue.swift */ = {isa = PBXFileReference; fileEncoding = 4; lastKnownFileType = sourcecode.swift; path = DynamicValue.swift; sourceTree = "<group>"; };
		4187A14C27B0364C00E2A958 /* ViewController.swift */ = {isa = PBXFileReference; fileEncoding = 4; lastKnownFileType = sourcecode.swift; path = ViewController.swift; sourceTree = "<group>"; };
		4187A14D27B0364C00E2A958 /* AcronymCell.swift */ = {isa = PBXFileReference; fileEncoding = 4; lastKnownFileType = sourcecode.swift; path = AcronymCell.swift; sourceTree = "<group>"; };
		4187A14F27B0364C00E2A958 /* NetworkManager.swift */ = {isa = PBXFileReference; fileEncoding = 4; lastKnownFileType = sourcecode.swift; path = NetworkManager.swift; sourceTree = "<group>"; };
/* End PBXFileReference section */

/* Begin PBXFrameworksBuildPhase section */
		4187A10F27B035DC00E2A958 /* Frameworks */ = {
			isa = PBXFrameworksBuildPhase;
			buildActionMask = 2147483647;
			files = (
			);
			runOnlyForDeploymentPostprocessing = 0;
		};
		4187A12527B035E900E2A958 /* Frameworks */ = {
			isa = PBXFrameworksBuildPhase;
			buildActionMask = 2147483647;
			files = (
			);
			runOnlyForDeploymentPostprocessing = 0;
		};
		4187A12F27B035E900E2A958 /* Frameworks */ = {
			isa = PBXFrameworksBuildPhase;
			buildActionMask = 2147483647;
			files = (
			);
			runOnlyForDeploymentPostprocessing = 0;
		};
/* End PBXFrameworksBuildPhase section */

/* Begin PBXGroup section */
		4187A10927B035DC00E2A958 = {
			isa = PBXGroup;
			children = (
				4187A11427B035DC00E2A958 /* CodingChallenge */,
				4187A12B27B035E900E2A958 /* CodingChallengeTests */,
				4187A13527B035E900E2A958 /* CodingChallengeUITests */,
				4187A11327B035DC00E2A958 /* Products */,
			);
			sourceTree = "<group>";
		};
		4187A11327B035DC00E2A958 /* Products */ = {
			isa = PBXGroup;
			children = (
				4187A11227B035DC00E2A958 /* CodingChallenge.app */,
				4187A12827B035E900E2A958 /* CodingChallengeTests.xctest */,
				4187A13227B035E900E2A958 /* CodingChallengeUITests.xctest */,
			);
			name = Products;
			sourceTree = "<group>";
		};
		4187A11427B035DC00E2A958 /* CodingChallenge */ = {
			isa = PBXGroup;
			children = (
				4187A14827B0364B00E2A958 /* Models */,
				4187A14E27B0364C00E2A958 /* Service */,
				4187A14527B0364B00E2A958 /* ViewModels */,
				4187A14B27B0364C00E2A958 /* Views */,
				4187A11527B035DC00E2A958 /* AppDelegate.swift */,
				4187A11727B035DC00E2A958 /* SceneDelegate.swift */,
				4187A11B27B035DC00E2A958 /* Main.storyboard */,
				4187A11E27B035E700E2A958 /* Assets.xcassets */,
				4187A12027B035E700E2A958 /* LaunchScreen.storyboard */,
				4187A12327B035E700E2A958 /* Info.plist */,
			);
			path = CodingChallenge;
			sourceTree = "<group>";
		};
		4187A12B27B035E900E2A958 /* CodingChallengeTests */ = {
			isa = PBXGroup;
			children = (
				4187A12C27B035E900E2A958 /* CodingChallengeTests.swift */,
			);
			path = CodingChallengeTests;
			sourceTree = "<group>";
		};
		4187A13527B035E900E2A958 /* CodingChallengeUITests */ = {
			isa = PBXGroup;
			children = (
				4187A13627B035E900E2A958 /* CodingChallengeUITests.swift */,
				4187A13827B035E900E2A958 /* CodingChallengeUITestsLaunchTests.swift */,
			);
			path = CodingChallengeUITests;
			sourceTree = "<group>";
		};
		4187A14527B0364B00E2A958 /* ViewModels */ = {
			isa = PBXGroup;
			children = (
				4187A14627B0364B00E2A958 /* AcronymsViewModel.swift */,
				4187A14727B0364B00E2A958 /* AcronymsDataSource.swift */,
			);
			path = ViewModels;
			sourceTree = "<group>";
		};
		4187A14827B0364B00E2A958 /* Models */ = {
			isa = PBXGroup;
			children = (
				4187A14927B0364B00E2A958 /* Acronym.swift */,
				4187A14A27B0364B00E2A958 /* DynamicValue.swift */,
			);
			path = Models;
			sourceTree = "<group>";
		};
		4187A14B27B0364C00E2A958 /* Views */ = {
			isa = PBXGroup;
			children = (
				4187A14C27B0364C00E2A958 /* ViewController.swift */,
				4187A14D27B0364C00E2A958 /* AcronymCell.swift */,
			);
			path = Views;
			sourceTree = "<group>";
		};
		4187A14E27B0364C00E2A958 /* Service */ = {
			isa = PBXGroup;
			children = (
				4187A14F27B0364C00E2A958 /* NetworkManager.swift */,
			);
			path = Service;
			sourceTree = "<group>";
		};
/* End PBXGroup section */

/* Begin PBXNativeTarget section */
		4187A11127B035DC00E2A958 /* CodingChallenge */ = {
			isa = PBXNativeTarget;
			buildConfigurationList = 4187A13C27B035E900E2A958 /* Build configuration list for PBXNativeTarget "CodingChallenge" */;
			buildPhases = (
				4187A10E27B035DC00E2A958 /* Sources */,
				4187A10F27B035DC00E2A958 /* Frameworks */,
				4187A11027B035DC00E2A958 /* Resources */,
			);
			buildRules = (
			);
			dependencies = (
			);
			name = CodingChallenge;
			productName = CodingChallenge;
			productReference = 4187A11227B035DC00E2A958 /* CodingChallenge.app */;
			productType = "com.apple.product-type.application";
		};
		4187A12727B035E900E2A958 /* CodingChallengeTests */ = {
			isa = PBXNativeTarget;
			buildConfigurationList = 4187A13F27B035E900E2A958 /* Build configuration list for PBXNativeTarget "CodingChallengeTests" */;
			buildPhases = (
				4187A12427B035E900E2A958 /* Sources */,
				4187A12527B035E900E2A958 /* Frameworks */,
				4187A12627B035E900E2A958 /* Resources */,
			);
			buildRules = (
			);
			dependencies = (
				4187A12A27B035E900E2A958 /* PBXTargetDependency */,
			);
			name = CodingChallengeTests;
			productName = CodingChallengeTests;
			productReference = 4187A12827B035E900E2A958 /* CodingChallengeTests.xctest */;
			productType = "com.apple.product-type.bundle.unit-test";
		};
		4187A13127B035E900E2A958 /* CodingChallengeUITests */ = {
			isa = PBXNativeTarget;
			buildConfigurationList = 4187A14227B035E900E2A958 /* Build configuration list for PBXNativeTarget "CodingChallengeUITests" */;
			buildPhases = (
				4187A12E27B035E900E2A958 /* Sources */,
				4187A12F27B035E900E2A958 /* Frameworks */,
				4187A13027B035E900E2A958 /* Resources */,
			);
			buildRules = (
			);
			dependencies = (
				4187A13427B035E900E2A958 /* PBXTargetDependency */,
			);
			name = CodingChallengeUITests;
			productName = CodingChallengeUITests;
			productReference = 4187A13227B035E900E2A958 /* CodingChallengeUITests.xctest */;
			productType = "com.apple.product-type.bundle.ui-testing";
		};
/* End PBXNativeTarget section */

/* Begin PBXProject section */
		4187A10A27B035DC00E2A958 /* Project object */ = {
			isa = PBXProject;
			attributes = {
				BuildIndependentTargetsInParallel = 1;
				LastSwiftUpdateCheck = 1310;
				LastUpgradeCheck = 1310;
				TargetAttributes = {
					4187A11127B035DC00E2A958 = {
						CreatedOnToolsVersion = 13.1;
					};
					4187A12727B035E900E2A958 = {
						CreatedOnToolsVersion = 13.1;
						TestTargetID = 4187A11127B035DC00E2A958;
					};
					4187A13127B035E900E2A958 = {
						CreatedOnToolsVersion = 13.1;
						TestTargetID = 4187A11127B035DC00E2A958;
					};
				};
			};
			buildConfigurationList = 4187A10D27B035DC00E2A958 /* Build configuration list for PBXProject "CodingChallenge" */;
			compatibilityVersion = "Xcode 13.0";
			developmentRegion = en;
			hasScannedForEncodings = 0;
			knownRegions = (
				en,
				Base,
			);
			mainGroup = 4187A10927B035DC00E2A958;
			productRefGroup = 4187A11327B035DC00E2A958 /* Products */;
			projectDirPath = "";
			projectRoot = "";
			targets = (
				4187A11127B035DC00E2A958 /* CodingChallenge */,
				4187A12727B035E900E2A958 /* CodingChallengeTests */,
				4187A13127B035E900E2A958 /* CodingChallengeUITests */,
			);
		};
/* End PBXProject section */

/* Begin PBXResourcesBuildPhase section */
		4187A11027B035DC00E2A958 /* Resources */ = {
			isa = PBXResourcesBuildPhase;
			buildActionMask = 2147483647;
			files = (
				4187A12227B035E700E2A958 /* LaunchScreen.storyboard in Resources */,
				4187A11F27B035E700E2A958 /* Assets.xcassets in Resources */,
				4187A11D27B035DD00E2A958 /* Main.storyboard in Resources */,
			);
			runOnlyForDeploymentPostprocessing = 0;
		};
		4187A12627B035E900E2A958 /* Resources */ = {
			isa = PBXResourcesBuildPhase;
			buildActionMask = 2147483647;
			files = (
			);
			runOnlyForDeploymentPostprocessing = 0;
		};
		4187A13027B035E900E2A958 /* Resources */ = {
			isa = PBXResourcesBuildPhase;
			buildActionMask = 2147483647;
			files = (
			);
			runOnlyForDeploymentPostprocessing = 0;
		};
/* End PBXResourcesBuildPhase section */

/* Begin PBXSourcesBuildPhase section */
		4187A10E27B035DC00E2A958 /* Sources */ = {
			isa = PBXSourcesBuildPhase;
			buildActionMask = 2147483647;
			files = (
				4187A15227B0364C00E2A958 /* AcronymsDataSource.swift in Sources */,
				4187A15327B0364C00E2A958 /* Acronym.swift in Sources */,
				4187A15727B0364C00E2A958 /* NetworkManager.swift in Sources */,
				4187A15627B0364C00E2A958 /* AcronymCell.swift in Sources */,
				4187A11627B035DC00E2A958 /* AppDelegate.swift in Sources */,
				4187A15127B0364C00E2A958 /* AcronymsViewModel.swift in Sources */,
				4187A11827B035DC00E2A958 /* SceneDelegate.swift in Sources */,
				4187A15527B0364C00E2A958 /* ViewController.swift in Sources */,
				4187A15427B0364C00E2A958 /* DynamicValue.swift in Sources */,
			);
			runOnlyForDeploymentPostprocessing = 0;
		};
		4187A12427B035E900E2A958 /* Sources */ = {
			isa = PBXSourcesBuildPhase;
			buildActionMask = 2147483647;
			files = (
				4187A12D27B035E900E2A958 /* CodingChallengeTests.swift in Sources */,
			);
			runOnlyForDeploymentPostprocessing = 0;
		};
		4187A12E27B035E900E2A958 /* Sources */ = {
			isa = PBXSourcesBuildPhase;
			buildActionMask = 2147483647;
			files = (
				4187A13927B035E900E2A958 /* CodingChallengeUITestsLaunchTests.swift in Sources */,
				4187A13727B035E900E2A958 /* CodingChallengeUITests.swift in Sources */,
			);
			runOnlyForDeploymentPostprocessing = 0;
		};
/* End PBXSourcesBuildPhase section */

/* Begin PBXTargetDependency section */
		4187A12A27B035E900E2A958 /* PBXTargetDependency */ = {
			isa = PBXTargetDependency;
			target = 4187A11127B035DC00E2A958 /* CodingChallenge */;
			targetProxy = 4187A12927B035E900E2A958 /* PBXContainerItemProxy */;
		};
		4187A13427B035E900E2A958 /* PBXTargetDependency */ = {
			isa = PBXTargetDependency;
			target = 4187A11127B035DC00E2A958 /* CodingChallenge */;
			targetProxy = 4187A13327B035E900E2A958 /* PBXContainerItemProxy */;
		};
/* End PBXTargetDependency section */

/* Begin PBXVariantGroup section */
		4187A11B27B035DC00E2A958 /* Main.storyboard */ = {
			isa = PBXVariantGroup;
			children = (
				4187A11C27B035DD00E2A958 /* Base */,
			);
			name = Main.storyboard;
			sourceTree = "<group>";
		};
		4187A12027B035E700E2A958 /* LaunchScreen.storyboard */ = {
			isa = PBXVariantGroup;
			children = (
				4187A12127B035E700E2A958 /* Base */,
			);
			name = LaunchScreen.storyboard;
			sourceTree = "<group>";
		};
/* End PBXVariantGroup section */

/* Begin XCBuildConfiguration section */
		4187A13A27B035E900E2A958 /* Debug */ = {
			isa = XCBuildConfiguration;
			buildSettings = {
				ALWAYS_SEARCH_USER_PATHS = NO;
				CLANG_ANALYZER_NONNULL = YES;
				CLANG_ANALYZER_NUMBER_OBJECT_CONVERSION = YES_AGGRESSIVE;
				CLANG_CXX_LANGUAGE_STANDARD = "gnu++17";
				CLANG_CXX_LIBRARY = "libc++";
				CLANG_ENABLE_MODULES = YES;
				CLANG_ENABLE_OBJC_ARC = YES;
				CLANG_ENABLE_OBJC_WEAK = YES;
				CLANG_WARN_BLOCK_CAPTURE_AUTORELEASING = YES;
				CLANG_WARN_BOOL_CONVERSION = YES;
				CLANG_WARN_COMMA = YES;
				CLANG_WARN_CONSTANT_CONVERSION = YES;
				CLANG_WARN_DEPRECATED_OBJC_IMPLEMENTATIONS = YES;
				CLANG_WARN_DIRECT_OBJC_ISA_USAGE = YES_ERROR;
				CLANG_WARN_DOCUMENTATION_COMMENTS = YES;
				CLANG_WARN_EMPTY_BODY = YES;
				CLANG_WARN_ENUM_CONVERSION = YES;
				CLANG_WARN_INFINITE_RECURSION = YES;
				CLANG_WARN_INT_CONVERSION = YES;
				CLANG_WARN_NON_LITERAL_NULL_CONVERSION = YES;
				CLANG_WARN_OBJC_IMPLICIT_RETAIN_SELF = YES;
				CLANG_WARN_OBJC_LITERAL_CONVERSION = YES;
				CLANG_WARN_OBJC_ROOT_CLASS = YES_ERROR;
				CLANG_WARN_QUOTED_INCLUDE_IN_FRAMEWORK_HEADER = YES;
				CLANG_WARN_RANGE_LOOP_ANALYSIS = YES;
				CLANG_WARN_STRICT_PROTOTYPES = YES;
				CLANG_WARN_SUSPICIOUS_MOVE = YES;
				CLANG_WARN_UNGUARDED_AVAILABILITY = YES_AGGRESSIVE;
				CLANG_WARN_UNREACHABLE_CODE = YES;
				CLANG_WARN__DUPLICATE_METHOD_MATCH = YES;
				COPY_PHASE_STRIP = NO;
				DEBUG_INFORMATION_FORMAT = dwarf;
				ENABLE_STRICT_OBJC_MSGSEND = YES;
				ENABLE_TESTABILITY = YES;
				GCC_C_LANGUAGE_STANDARD = gnu11;
				GCC_DYNAMIC_NO_PIC = NO;
				GCC_NO_COMMON_BLOCKS = YES;
				GCC_OPTIMIZATION_LEVEL = 0;
				GCC_PREPROCESSOR_DEFINITIONS = (
					"DEBUG=1",
					"$(inherited)",
				);
				GCC_WARN_64_TO_32_BIT_CONVERSION = YES;
				GCC_WARN_ABOUT_RETURN_TYPE = YES_ERROR;
				GCC_WARN_UNDECLARED_SELECTOR = YES;
				GCC_WARN_UNINITIALIZED_AUTOS = YES_AGGRESSIVE;
				GCC_WARN_UNUSED_FUNCTION = YES;
				GCC_WARN_UNUSED_VARIABLE = YES;
				IPHONEOS_DEPLOYMENT_TARGET = 15.0;
				MTL_ENABLE_DEBUG_INFO = INCLUDE_SOURCE;
				MTL_FAST_MATH = YES;
				ONLY_ACTIVE_ARCH = YES;
				SDKROOT = iphoneos;
				SWIFT_ACTIVE_COMPILATION_CONDITIONS = DEBUG;
				SWIFT_OPTIMIZATION_LEVEL = "-Onone";
			};
			name = Debug;
		};
		4187A13B27B035E900E2A958 /* Release */ = {
			isa = XCBuildConfiguration;
			buildSettings = {
				ALWAYS_SEARCH_USER_PATHS = NO;
				CLANG_ANALYZER_NONNULL = YES;
				CLANG_ANALYZER_NUMBER_OBJECT_CONVERSION = YES_AGGRESSIVE;
				CLANG_CXX_LANGUAGE_STANDARD = "gnu++17";
				CLANG_CXX_LIBRARY = "libc++";
				CLANG_ENABLE_MODULES = YES;
				CLANG_ENABLE_OBJC_ARC = YES;
				CLANG_ENABLE_OBJC_WEAK = YES;
				CLANG_WARN_BLOCK_CAPTURE_AUTORELEASING = YES;
				CLANG_WARN_BOOL_CONVERSION = YES;
				CLANG_WARN_COMMA = YES;
				CLANG_WARN_CONSTANT_CONVERSION = YES;
				CLANG_WARN_DEPRECATED_OBJC_IMPLEMENTATIONS = YES;
				CLANG_WARN_DIRECT_OBJC_ISA_USAGE = YES_ERROR;
				CLANG_WARN_DOCUMENTATION_COMMENTS = YES;
				CLANG_WARN_EMPTY_BODY = YES;
				CLANG_WARN_ENUM_CONVERSION = YES;
				CLANG_WARN_INFINITE_RECURSION = YES;
				CLANG_WARN_INT_CONVERSION = YES;
				CLANG_WARN_NON_LITERAL_NULL_CONVERSION = YES;
				CLANG_WARN_OBJC_IMPLICIT_RETAIN_SELF = YES;
				CLANG_WARN_OBJC_LITERAL_CONVERSION = YES;
				CLANG_WARN_OBJC_ROOT_CLASS = YES_ERROR;
				CLANG_WARN_QUOTED_INCLUDE_IN_FRAMEWORK_HEADER = YES;
				CLANG_WARN_RANGE_LOOP_ANALYSIS = YES;
				CLANG_WARN_STRICT_PROTOTYPES = YES;
				CLANG_WARN_SUSPICIOUS_MOVE = YES;
				CLANG_WARN_UNGUARDED_AVAILABILITY = YES_AGGRESSIVE;
				CLANG_WARN_UNREACHABLE_CODE = YES;
				CLANG_WARN__DUPLICATE_METHOD_MATCH = YES;
				COPY_PHASE_STRIP = NO;
				DEBUG_INFORMATION_FORMAT = "dwarf-with-dsym";
				ENABLE_NS_ASSERTIONS = NO;
				ENABLE_STRICT_OBJC_MSGSEND = YES;
				GCC_C_LANGUAGE_STANDARD = gnu11;
				GCC_NO_COMMON_BLOCKS = YES;
				GCC_WARN_64_TO_32_BIT_CONVERSION = YES;
				GCC_WARN_ABOUT_RETURN_TYPE = YES_ERROR;
				GCC_WARN_UNDECLARED_SELECTOR = YES;
				GCC_WARN_UNINITIALIZED_AUTOS = YES_AGGRESSIVE;
				GCC_WARN_UNUSED_FUNCTION = YES;
				GCC_WARN_UNUSED_VARIABLE = YES;
				IPHONEOS_DEPLOYMENT_TARGET = 15.0;
				MTL_ENABLE_DEBUG_INFO = NO;
				MTL_FAST_MATH = YES;
				SDKROOT = iphoneos;
				SWIFT_COMPILATION_MODE = wholemodule;
				SWIFT_OPTIMIZATION_LEVEL = "-O";
				VALIDATE_PRODUCT = YES;
			};
			name = Release;
		};
		4187A13D27B035E900E2A958 /* Debug */ = {
			isa = XCBuildConfiguration;
			buildSettings = {
				ASSETCATALOG_COMPILER_APPICON_NAME = AppIcon;
				ASSETCATALOG_COMPILER_GLOBAL_ACCENT_COLOR_NAME = AccentColor;
				CODE_SIGN_STYLE = Automatic;
				CURRENT_PROJECT_VERSION = 1;
				GENERATE_INFOPLIST_FILE = YES;
				INFOPLIST_FILE = CodingChallenge/Info.plist;
				INFOPLIST_KEY_UIApplicationSupportsIndirectInputEvents = YES;
				INFOPLIST_KEY_UILaunchStoryboardName = LaunchScreen;
				INFOPLIST_KEY_UIMainStoryboardFile = Main;
				INFOPLIST_KEY_UISupportedInterfaceOrientations_iPad = "UIInterfaceOrientationPortrait UIInterfaceOrientationPortraitUpsideDown UIInterfaceOrientationLandscapeLeft UIInterfaceOrientationLandscapeRight";
				INFOPLIST_KEY_UISupportedInterfaceOrientations_iPhone = "UIInterfaceOrientationPortrait UIInterfaceOrientationLandscapeLeft UIInterfaceOrientationLandscapeRight";
				LD_RUNPATH_SEARCH_PATHS = (
					"$(inherited)",
					"@executable_path/Frameworks",
				);
				MARKETING_VERSION = 1.0;
				PRODUCT_BUNDLE_IDENTIFIER = com.CodingChallenge;
				PRODUCT_NAME = "$(TARGET_NAME)";
				SWIFT_EMIT_LOC_STRINGS = YES;
				SWIFT_VERSION = 5.0;
				TARGETED_DEVICE_FAMILY = "1,2";
			};
			name = Debug;
		};
		4187A13E27B035E900E2A958 /* Release */ = {
			isa = XCBuildConfiguration;
			buildSettings = {
				ASSETCATALOG_COMPILER_APPICON_NAME = AppIcon;
				ASSETCATALOG_COMPILER_GLOBAL_ACCENT_COLOR_NAME = AccentColor;
				CODE_SIGN_STYLE = Automatic;
				CURRENT_PROJECT_VERSION = 1;
				GENERATE_INFOPLIST_FILE = YES;
				INFOPLIST_FILE = CodingChallenge/Info.plist;
				INFOPLIST_KEY_UIApplicationSupportsIndirectInputEvents = YES;
				INFOPLIST_KEY_UILaunchStoryboardName = LaunchScreen;
				INFOPLIST_KEY_UIMainStoryboardFile = Main;
				INFOPLIST_KEY_UISupportedInterfaceOrientations_iPad = "UIInterfaceOrientationPortrait UIInterfaceOrientationPortraitUpsideDown UIInterfaceOrientationLandscapeLeft UIInterfaceOrientationLandscapeRight";
				INFOPLIST_KEY_UISupportedInterfaceOrientations_iPhone = "UIInterfaceOrientationPortrait UIInterfaceOrientationLandscapeLeft UIInterfaceOrientationLandscapeRight";
				LD_RUNPATH_SEARCH_PATHS = (
					"$(inherited)",
					"@executable_path/Frameworks",
				);
				MARKETING_VERSION = 1.0;
				PRODUCT_BUNDLE_IDENTIFIER = com.CodingChallenge;
				PRODUCT_NAME = "$(TARGET_NAME)";
				SWIFT_EMIT_LOC_STRINGS = YES;
				SWIFT_VERSION = 5.0;
				TARGETED_DEVICE_FAMILY = "1,2";
			};
			name = Release;
		};
		4187A14027B035E900E2A958 /* Debug */ = {
			isa = XCBuildConfiguration;
			buildSettings = {
				ALWAYS_EMBED_SWIFT_STANDARD_LIBRARIES = YES;
				BUNDLE_LOADER = "$(TEST_HOST)";
				CODE_SIGN_STYLE = Automatic;
				CURRENT_PROJECT_VERSION = 1;
				GENERATE_INFOPLIST_FILE = YES;
				IPHONEOS_DEPLOYMENT_TARGET = 15.0;
				LD_RUNPATH_SEARCH_PATHS = (
					"$(inherited)",
					"@executable_path/Frameworks",
					"@loader_path/Frameworks",
				);
				MARKETING_VERSION = 1.0;
				PRODUCT_BUNDLE_IDENTIFIER = com.CodingChallengeTests;
				PRODUCT_NAME = "$(TARGET_NAME)";
				SWIFT_EMIT_LOC_STRINGS = NO;
				SWIFT_VERSION = 5.0;
				TARGETED_DEVICE_FAMILY = "1,2";
				TEST_HOST = "$(BUILT_PRODUCTS_DIR)/CodingChallenge.app/CodingChallenge";
			};
			name = Debug;
		};
		4187A14127B035E900E2A958 /* Release */ = {
			isa = XCBuildConfiguration;
			buildSettings = {
				ALWAYS_EMBED_SWIFT_STANDARD_LIBRARIES = YES;
				BUNDLE_LOADER = "$(TEST_HOST)";
				CODE_SIGN_STYLE = Automatic;
				CURRENT_PROJECT_VERSION = 1;
				GENERATE_INFOPLIST_FILE = YES;
				IPHONEOS_DEPLOYMENT_TARGET = 15.0;
				LD_RUNPATH_SEARCH_PATHS = (
					"$(inherited)",
					"@executable_path/Frameworks",
					"@loader_path/Frameworks",
				);
				MARKETING_VERSION = 1.0;
				PRODUCT_BUNDLE_IDENTIFIER = com.CodingChallengeTests;
				PRODUCT_NAME = "$(TARGET_NAME)";
				SWIFT_EMIT_LOC_STRINGS = NO;
				SWIFT_VERSION = 5.0;
				TARGETED_DEVICE_FAMILY = "1,2";
				TEST_HOST = "$(BUILT_PRODUCTS_DIR)/CodingChallenge.app/CodingChallenge";
			};
			name = Release;
		};
		4187A14327B035E900E2A958 /* Debug */ = {
			isa = XCBuildConfiguration;
			buildSettings = {
				ALWAYS_EMBED_SWIFT_STANDARD_LIBRARIES = YES;
				CODE_SIGN_STYLE = Automatic;
				CURRENT_PROJECT_VERSION = 1;
				GENERATE_INFOPLIST_FILE = YES;
				LD_RUNPATH_SEARCH_PATHS = (
					"$(inherited)",
					"@executable_path/Frameworks",
					"@loader_path/Frameworks",
				);
				MARKETING_VERSION = 1.0;
				PRODUCT_BUNDLE_IDENTIFIER = com.CodingChallengeUITests;
				PRODUCT_NAME = "$(TARGET_NAME)";
				SWIFT_EMIT_LOC_STRINGS = NO;
				SWIFT_VERSION = 5.0;
				TARGETED_DEVICE_FAMILY = "1,2";
				TEST_TARGET_NAME = CodingChallenge;
			};
			name = Debug;
		};
		4187A14427B035E900E2A958 /* Release */ = {
			isa = XCBuildConfiguration;
			buildSettings = {
				ALWAYS_EMBED_SWIFT_STANDARD_LIBRARIES = YES;
				CODE_SIGN_STYLE = Automatic;
				CURRENT_PROJECT_VERSION = 1;
				GENERATE_INFOPLIST_FILE = YES;
				LD_RUNPATH_SEARCH_PATHS = (
					"$(inherited)",
					"@executable_path/Frameworks",
					"@loader_path/Frameworks",
				);
				MARKETING_VERSION = 1.0;
				PRODUCT_BUNDLE_IDENTIFIER = com.CodingChallengeUITests;
				PRODUCT_NAME = "$(TARGET_NAME)";
				SWIFT_EMIT_LOC_STRINGS = NO;
				SWIFT_VERSION = 5.0;
				TARGETED_DEVICE_FAMILY = "1,2";
				TEST_TARGET_NAME = CodingChallenge;
			};
			name = Release;
		};
/* End XCBuildConfiguration section */

/* Begin XCConfigurationList section */
		4187A10D27B035DC00E2A958 /* Build configuration list for PBXProject "CodingChallenge" */ = {
			isa = XCConfigurationList;
			buildConfigurations = (
				4187A13A27B035E900E2A958 /* Debug */,
				4187A13B27B035E900E2A958 /* Release */,
			);
			defaultConfigurationIsVisible = 0;
			defaultConfigurationName = Release;
		};
		4187A13C27B035E900E2A958 /* Build configuration list for PBXNativeTarget "CodingChallenge" */ = {
			isa = XCConfigurationList;
			buildConfigurations = (
				4187A13D27B035E900E2A958 /* Debug */,
				4187A13E27B035E900E2A958 /* Release */,
			);
			defaultConfigurationIsVisible = 0;
			defaultConfigurationName = Release;
		};
		4187A13F27B035E900E2A958 /* Build configuration list for PBXNativeTarget "CodingChallengeTests" */ = {
			isa = XCConfigurationList;
			buildConfigurations = (
				4187A14027B035E900E2A958 /* Debug */,
				4187A14127B035E900E2A958 /* Release */,
			);
			defaultConfigurationIsVisible = 0;
			defaultConfigurationName = Release;
		};
		4187A14227B035E900E2A958 /* Build configuration list for PBXNativeTarget "CodingChallengeUITests" */ = {
			isa = XCConfigurationList;
			buildConfigurations = (
				4187A14327B035E900E2A958 /* Debug */,
				4187A14427B035E900E2A958 /* Release */,
			);
			defaultConfigurationIsVisible = 0;
			defaultConfigurationName = Release;
		};
/* End XCConfigurationList section */
	};
	rootObject = 4187A10A27B035DC00E2A958 /* Project object */;
}
